<?xml version="1.0" encoding="utf-8"?>
<Project ToolsVersion="4.0" xmlns="http://schemas.microsoft.com/developer/msbuild/2003">
  <ItemGroup>
    <Filter Include="Source Files">
      <UniqueIdentifier>{4FC737F1-C7A5-4376-A066-2A32D752A2FF}</UniqueIdentifier>
      <Extensions>cpp;c;cc;cxx;c++;cppm;ixx;def;odl;idl;hpj;bat;asm;asmx</Extensions>
    </Filter>
    <Filter Include="Header Files">
      <UniqueIdentifier>{93995380-89BD-4b04-88EB-625FBE52EBFB}</UniqueIdentifier>
      <Extensions>h;hh;hpp;hxx;h++;hm;inl;inc;ipp;xsd</Extensions>
    </Filter>
    <Filter Include="Resource Files">
      <UniqueIdentifier>{67DA6AB6-F800-4c08-8B7A-83BB121AAD01}</UniqueIdentifier>
      <Extensions>rc;ico;cur;bmp;dlg;rc2;rct;bin;rgs;gif;jpg;jpeg;jpe;resx;tiff;tif;png;wav;mfcribbon-ms</Extensions>
    </Filter>
  </ItemGroup>
  <ItemGroup>
    <Text Include="config.txt" />
  </ItemGroup>
  <ItemGroup>
    <ClInclude Include="globals.h">
      <Filter>Header Files</Filter>
    </ClInclude>
    <ClInclude Include="led\LedManager.h">
      <Filter>Header Files</Filter>
    </ClInclude>
    <ClInclude Include="Menus\HeadMenu.h">
      <Filter>Header Files</Filter>
    </ClInclude>
    <ClInclude Include="Menus\MainMenu.h">
      <Filter>Header Files</Filter>
    </ClInclude>
    <ClInclude Include="Menus\manager.h">
      <Filter>Header Files</Filter>
    </ClInclude>
    <ClInclude Include="Menus\Menu.h">
      <Filter>Header Files</Filter>
    </ClInclude>
    <ClInclude Include="Menus\OnePlayerMenu.h">
      <Filter>Header Files</Filter>
    </ClInclude>
    <ClInclude Include="Menus\TestMenu.h">
      <Filter>Header Files</Filter>
    </ClInclude>
    <ClInclude Include="Menus\TwoPlayerMenu.h">
      <Filter>Header Files</Filter>
    </ClInclude>
    <ClInclude Include="objects\BGM.h">
      <Filter>Header Files</Filter>
    </ClInclude>
    <ClInclude Include="objects\Clock.h">
      <Filter>Header Files</Filter>
    </ClInclude>
    <ClInclude Include="objects\Counter.h">
      <Filter>Header Files</Filter>
    </ClInclude>
    <ClInclude Include="objects\Drawable.h">
      <Filter>Header Files</Filter>
    </ClInclude>
    <ClInclude Include="objects\Game.h">
      <Filter>Header Files</Filter>
    </ClInclude>
    <ClInclude Include="objects\Particle.h">
      <Filter>Header Files</Filter>
    </ClInclude>
    <ClInclude Include="objects\ParticleGenerator.h">
      <Filter>Header Files</Filter>
    </ClInclude>
    <ClInclude Include="objects\Sprite.h">
      <Filter>Header Files</Filter>
    </ClInclude>
    <ClInclude Include="Screens\CreditScreen.h">
      <Filter>Header Files</Filter>
    </ClInclude>
    <ClInclude Include="Screens\GameOverScreen.h">
      <Filter>Header Files</Filter>
    </ClInclude>
    <ClInclude Include="Screens\LedScreen.h">
      <Filter>Header Files</Filter>
    </ClInclude>
    <ClInclude Include="Screens\LicenseScreen.h">
      <Filter>Header Files</Filter>
    </ClInclude>
    <ClInclude Include="Screens\LockoutGame.h">
      <Filter>Header Files</Filter>
    </ClInclude>
    <ClInclude Include="Screens\MoleGame.h">
      <Filter>Header Files</Filter>
    </ClInclude>
    <ClInclude Include="Screens\OldSkoolGame.h">
      <Filter>Header Files</Filter>
    </ClInclude>
    <ClInclude Include="Screens\ParticleScreen.h">
      <Filter>Header Files</Filter>
    </ClInclude>
    <ClInclude Include="Screens\ScoreScreen.h">
      <Filter>Header Files</Filter>
    </ClInclude>
    <ClInclude Include="Screens\Screen.h">
      <Filter>Header Files</Filter>
    </ClInclude>
    <ClInclude Include="Screens\ScreenManager.h">
      <Filter>Header Files</Filter>
    </ClInclude>
    <ClInclude Include="Screens\StartScreen.h">
      <Filter>Header Files</Filter>
    </ClInclude>
    <ClInclude Include="Screens\ThreeTen.h">
      <Filter>Header Files</Filter>
    </ClInclude>
    <ClInclude Include="Screens\TimeBomb.h">
      <Filter>Header Files</Filter>
    </ClInclude>
    <ClInclude Include="util\Config.h">
      <Filter>Header Files</Filter>
    </ClInclude>
    <ClInclude Include="util\PinManager.h">
      <Filter>Header Files</Filter>
    </ClInclude>
  </ItemGroup>
  <ItemGroup>
    <ClCompile Include="main.cpp">
      <Filter>Source Files</Filter>
    </ClCompile>
    <ClCompile Include="led\LedManager.cpp">
      <Filter>Source Files</Filter>
    </ClCompile>
    <ClCompile Include="Menus\Headmenu.cpp">
      <Filter>Source Files</Filter>
    </ClCompile>
    <ClCompile Include="Menus\MainMenu.cpp">
      <Filter>Source Files</Filter>
    </ClCompile>
    <ClCompile Include="Menus\manager.cpp">
      <Filter>Source Files</Filter>
    </ClCompile>
    <ClCompile Include="Menus\Menu.cpp">
      <Filter>Source Files</Filter>
    </ClCompile>
    <ClCompile Include="Menus\OnePlayerMenu.cpp">
      <Filter>Source Files</Filter>
    </ClCompile>
    <ClCompile Include="Menus\TestMenu.cpp">
      <Filter>Source Files</Filter>
    </ClCompile>
    <ClCompile Include="Menus\TwoPlayerMenu.cpp">
      <Filter>Source Files</Filter>
    </ClCompile>
    <ClCompile Include="objects\BGM.cpp">
      <Filter>Source Files</Filter>
    </ClCompile>
    <ClCompile Include="objects\Clock.cpp">
      <Filter>Source Files</Filter>
    </ClCompile>
    <ClCompile Include="objects\Counter.cpp">
      <Filter>Source Files</Filter>
    </ClCompile>
    <ClCompile Include="objects\Game.cpp">
      <Filter>Source Files</Filter>
    </ClCompile>
    <ClCompile Include="objects\Particle.cpp">
      <Filter>Source Files</Filter>
    </ClCompile>
    <ClCompile Include="objects\ParticleGenerator.cpp">
      <Filter>Source Files</Filter>
    </ClCompile>
    <ClCompile Include="objects\Sprite.cpp">
      <Filter>Source Files</Filter>
    </ClCompile>
    <ClCompile Include="Screens\CreditScreen.cpp">
      <Filter>Source Files</Filter>
    </ClCompile>
    <ClCompile Include="Screens\GameOverScreen.cpp">
      <Filter>Source Files</Filter>
    </ClCompile>
    <ClCompile Include="Screens\LedScreen.cpp">
      <Filter>Source Files</Filter>
    </ClCompile>
    <ClCompile Include="Screens\LicenseScreen.cpp">
      <Filter>Source Files</Filter>
    </ClCompile>
    <ClCompile Include="Screens\LockoutGame.cpp">
      <Filter>Source Files</Filter>
    </ClCompile>
    <ClCompile Include="Screens\Molegame.cpp">
      <Filter>Source Files</Filter>
    </ClCompile>
    <ClCompile Include="Screens\OldSkoolGame.cpp">
      <Filter>Source Files</Filter>
    </ClCompile>
    <ClCompile Include="Screens\ParticleScreen.cpp">
      <Filter>Source Files</Filter>
    </ClCompile>
    <ClCompile Include="Screens\ScoreScreen.cpp">
      <Filter>Source Files</Filter>
    </ClCompile>
    <ClCompile Include="Screens\Screen.cpp">
      <Filter>Source Files</Filter>
    </ClCompile>
    <ClCompile Include="Screens\ScreenManager.cpp">
      <Filter>Source Files</Filter>
    </ClCompile>
    <ClCompile Include="Screens\StartScreen.cpp">
      <Filter>Source Files</Filter>
    </ClCompile>
    <ClCompile Include="Screens\ThreeTen.cpp">
      <Filter>Source Files</Filter>
    </ClCompile>
    <ClCompile Include="Screens\TimeBomb.cpp">
      <Filter>Source Files</Filter>
    </ClCompile>
    <ClCompile Include="util\Config.cpp">
      <Filter>Source Files</Filter>
    </ClCompile>
    <ClCompile Include="util\PinManager.cpp">
      <Filter>Source Files</Filter>
    </ClCompile>
  </ItemGroup>
  <ItemGroup>
    <Library Include="raylib.lib" />
  </ItemGroup>
</Project>